
Microsoft Visual Studio Solution File, Format Version 12.00
# Visual Studio Version 17
VisualStudioVersion = 17.3.32922.545
MinimumVisualStudioVersion = 10.0.40219.1
Project("{8BC9CEB8-8B4A-11D0-8D11-00A0C91BC942}") = "OOP_Devoir_1", "OOP_Devoir_1\OOP_Devoir_1.vcxproj", "{FED5BBBB-1005-4EC4-8238-F6FFA9CB5599}"
EndProject
Global
	GlobalSection(SolutionConfigurationPlatforms) = preSolution
		Debug|x64 = Debug|x64
		Debug|x86 = Debug|x86
		Release|x64 = Release|x64
		Release|x86 = Release|x86
	EndGlobalSection
	GlobalSection(ProjectConfigurationPlatforms) = postSolution
		{FED5BBBB-1005-4EC4-8238-F6FFA9CB5599}.Debug|x64.ActiveCfg = Debug|x64
		{FED5BBBB-1005-4EC4-8238-F6FFA9CB5599}.Debug|x64.Build.0 = Debug|x64
		{FED5BBBB-1005-4EC4-8238-F6FFA9CB5599}.Debug|x86.ActiveCfg = Debug|Win32
		{FED5BBBB-1005-4EC4-8238-F6FFA9CB5599}.Debug|x86.Build.0 = Debug|Win32
		{FED5BBBB-1005-4EC4-8238-F6FFA9CB5599}.Release|x64.ActiveCfg = Release|x64
		{FED5BBBB-1005-4EC4-8238-F6FFA9CB5599}.Release|x64.Build.0 = Release|x64
		{FED5BBBB-1005-4EC4-8238-F6FFA9CB5599}.Release|x86.ActiveCfg = Release|Win32
		{FED5BBBB-1005-4EC4-8238-F6FFA9CB5599}.Release|x86.Build.0 = Release|Win32
	EndGlobalSection
	GlobalSection(SolutionProperties) = preSolution
		HideSolutionNode = FALSE
	EndGlobalSection
	GlobalSection(ExtensibilityGlobals) = postSolution
		SolutionGuid = {8D018D95-DA5A-4B15-B2EB-A2EAE6B8221E}
	EndGlobalSection
EndGlobal
